dependencies:
- name: gateway
  repository: https://istio-release.storage.googleapis.com/charts
  version: 1.29.2
- name: ambient
  repository: https://istio-release.storage.googleapis.com/charts
  version: 1.29.2
digest: sha256:881365f939ac9013c1dbb8221df2fc25c92cba037cb0d9685dab5e7dc2fded88
generated: "2026-07-20T14:55:33.9580019+09:00"
